{
  "name": "flclash-tui-terminal-tests",
  "lockfileVersion": 3,
  "requires": true,
  "packages": {
    "": {
      "name": "flclash-tui-terminal-tests",
      "devDependencies": {
        "@xterm/addon-unicode11": "0.10.0-beta.197",
        "@xterm/headless": "6.1.0-beta.197"
      }
    },
    "node_modules/@xterm/addon-unicode11": {
      "version": "0.10.0-beta.197",
      "resolved": "https://registry.npmjs.org/@xterm/addon-unicode11/-/addon-unicode11-0.10.0-beta.197.tgz",
      "integrity": "sha512-/8zKqf+7R+r6p+/7R7y4ztXwfzDXIqtUp9agxLxAFHLsmCzgqhWX8VL3lOUISK6GR5OLZi15wfOopMTUiDugqQ==",
      "dev": true,
      "peerDependencies": {
        "@xterm/xterm": "^6.1.0-beta.197"
      }
    },
    "node_modules/@xterm/headless": {
      "version": "6.1.0-beta.197",
      "resolved": "https://registry.npmjs.org/@xterm/headless/-/headless-6.1.0-beta.197.tgz",
      "integrity": "sha512-/yFl1fl20Rdons0Ng356caGWO/Qeubxr3zWE3PHUaIRuQ5hFng83lhGbNRZMMZJO/OXArXlaxbeuFWYGbYWhGg==",
      "dev": true
    },
    "node_modules/@xterm/xterm": {
      "version": "6.1.0-beta.304",
      "resolved": "https://registry.npmjs.org/@xterm/xterm/-/xterm-6.1.0-beta.304.tgz",
      "integrity": "sha512-Wq9d4qFYslYQBIan+riXotdyurtREc6v+HWdAwV6Y2JSDI9eJ1dkWm/fzYb2rCGgGnM3baiYuSK4Z6OLNKLzDw==",
      "dev": true,
      "peer": true
    }
  }
}
